
Microsoft Visual Studio Solution File, Format Version 12.00
# Visual Studio 15
VisualStudioVersion = 15.0.26124.0
MinimumVisualStudioVersion = 15.0.26124.0
Project("{FAE04EC0-301F-11D3-BF4B-00C04F79EFBC}") = "Comportamiento", "Comportamiento\Comportamiento.csproj", "{956A066F-3B21-4C15-849A-6FC5B0630300}"
EndProject
Project("{FAE04EC0-301F-11D3-BF4B-00C04F79EFBC}") = "Creacionales", "Creacionales\Creacionales.csproj", "{FD365452-4762-4059-BFA3-47EED910E979}"
EndProject
Project("{FAE04EC0-301F-11D3-BF4B-00C04F79EFBC}") = "Estructurales", "Estructurales\Estructurales.csproj", "{FDBFFC6B-9E09-497F-90C3-C49223AC8C97}"
EndProject
Project("{2150E333-8FDC-42A3-9474-1A3956D46DE8}") = "Test", "Test", "{2E668F46-4CDF-4E4E-98F4-D0049802F38F}"
EndProject
Project("{FAE04EC0-301F-11D3-BF4B-00C04F79EFBC}") = "Test.Comportamiento", "Test\Test.Comportamiento\Test.Comportamiento.csproj", "{6D238E08-737B-40F6-8127-220AC1944A0D}"
EndProject
Project("{FAE04EC0-301F-11D3-BF4B-00C04F79EFBC}") = "Test.Creacionales", "Test\Test.Creacionales\Test.Creacionales.csproj", "{34FCFBA8-1923-4119-9A66-B2CD247A4950}"
EndProject
Project("{FAE04EC0-301F-11D3-BF4B-00C04F79EFBC}") = "Test.Estructurales", "Test\Test.Estructurales\Test.Estructurales.csproj", "{D927959B-A5A1-4118-ADA5-704886DA49AB}"
EndProject
Global
	GlobalSection(SolutionConfigurationPlatforms) = preSolution
		Debug|Any CPU = Debug|Any CPU
		Debug|x64 = Debug|x64
		Debug|x86 = Debug|x86
		Release|Any CPU = Release|Any CPU
		Release|x64 = Release|x64
		Release|x86 = Release|x86
	EndGlobalSection
	GlobalSection(SolutionProperties) = preSolution
		HideSolutionNode = FALSE
	EndGlobalSection
	GlobalSection(ProjectConfigurationPlatforms) = postSolution
		{956A066F-3B21-4C15-849A-6FC5B0630300}.Debug|Any CPU.ActiveCfg = Debug|Any CPU
		{956A066F-3B21-4C15-849A-6FC5B0630300}.Debug|Any CPU.Build.0 = Debug|Any CPU
		{956A066F-3B21-4C15-849A-6FC5B0630300}.Debug|x64.ActiveCfg = Debug|Any CPU
		{956A066F-3B21-4C15-849A-6FC5B0630300}.Debug|x64.Build.0 = Debug|Any CPU
		{956A066F-3B21-4C15-849A-6FC5B0630300}.Debug|x86.ActiveCfg = Debug|Any CPU
		{956A066F-3B21-4C15-849A-6FC5B0630300}.Debug|x86.Build.0 = Debug|Any CPU
		{956A066F-3B21-4C15-849A-6FC5B0630300}.Release|Any CPU.ActiveCfg = Release|Any CPU
		{956A066F-3B21-4C15-849A-6FC5B0630300}.Release|Any CPU.Build.0 = Release|Any CPU
		{956A066F-3B21-4C15-849A-6FC5B0630300}.Release|x64.ActiveCfg = Release|Any CPU
		{956A066F-3B21-4C15-849A-6FC5B0630300}.Release|x64.Build.0 = Release|Any CPU
		{956A066F-3B21-4C15-849A-6FC5B0630300}.Release|x86.ActiveCfg = Release|Any CPU
		{956A066F-3B21-4C15-849A-6FC5B0630300}.Release|x86.Build.0 = Release|Any CPU
		{FD365452-4762-4059-BFA3-47EED910E979}.Debug|Any CPU.ActiveCfg = Debug|Any CPU
		{FD365452-4762-4059-BFA3-47EED910E979}.Debug|Any CPU.Build.0 = Debug|Any CPU
		{FD365452-4762-4059-BFA3-47EED910E979}.Debug|x64.ActiveCfg = Debug|Any CPU
		{FD365452-4762-4059-BFA3-47EED910E979}.Debug|x64.Build.0 = Debug|Any CPU
		{FD365452-4762-4059-BFA3-47EED910E979}.Debug|x86.ActiveCfg = Debug|Any CPU
		{FD365452-4762-4059-BFA3-47EED910E979}.Debug|x86.Build.0 = Debug|Any CPU
		{FD365452-4762-4059-BFA3-47EED910E979}.Release|Any CPU.ActiveCfg = Release|Any CPU
		{FD365452-4762-4059-BFA3-47EED910E979}.Release|Any CPU.Build.0 = Release|Any CPU
		{FD365452-4762-4059-BFA3-47EED910E979}.Release|x64.ActiveCfg = Release|Any CPU
		{FD365452-4762-4059-BFA3-47EED910E979}.Release|x64.Build.0 = Release|Any CPU
		{FD365452-4762-4059-BFA3-47EED910E979}.Release|x86.ActiveCfg = Release|Any CPU
		{FD365452-4762-4059-BFA3-47EED910E979}.Release|x86.Build.0 = Release|Any CPU
		{FDBFFC6B-9E09-497F-90C3-C49223AC8C97}.Debug|Any CPU.ActiveCfg = Debug|Any CPU
		{FDBFFC6B-9E09-497F-90C3-C49223AC8C97}.Debug|Any CPU.Build.0 = Debug|Any CPU
		{FDBFFC6B-9E09-497F-90C3-C49223AC8C97}.Debug|x64.ActiveCfg = Debug|Any CPU
		{FDBFFC6B-9E09-497F-90C3-C49223AC8C97}.Debug|x64.Build.0 = Debug|Any CPU
		{FDBFFC6B-9E09-497F-90C3-C49223AC8C97}.Debug|x86.ActiveCfg = Debug|Any CPU
		{FDBFFC6B-9E09-497F-90C3-C49223AC8C97}.Debug|x86.Build.0 = Debug|Any CPU
		{FDBFFC6B-9E09-497F-90C3-C49223AC8C97}.Release|Any CPU.ActiveCfg = Release|Any CPU
		{FDBFFC6B-9E09-497F-90C3-C49223AC8C97}.Release|Any CPU.Build.0 = Release|Any CPU
		{FDBFFC6B-9E09-497F-90C3-C49223AC8C97}.Release|x64.ActiveCfg = Release|Any CPU
		{FDBFFC6B-9E09-497F-90C3-C49223AC8C97}.Release|x64.Build.0 = Release|Any CPU
		{FDBFFC6B-9E09-497F-90C3-C49223AC8C97}.Release|x86.ActiveCfg = Release|Any CPU
		{FDBFFC6B-9E09-497F-90C3-C49223AC8C97}.Release|x86.Build.0 = Release|Any CPU
		{6D238E08-737B-40F6-8127-220AC1944A0D}.Debug|Any CPU.ActiveCfg = Debug|Any CPU
		{6D238E08-737B-40F6-8127-220AC1944A0D}.Debug|Any CPU.Build.0 = Debug|Any CPU
		{6D238E08-737B-40F6-8127-220AC1944A0D}.Debug|x64.ActiveCfg = Debug|Any CPU
		{6D238E08-737B-40F6-8127-220AC1944A0D}.Debug|x64.Build.0 = Debug|Any CPU
		{6D238E08-737B-40F6-8127-220AC1944A0D}.Debug|x86.ActiveCfg = Debug|Any CPU
		{6D238E08-737B-40F6-8127-220AC1944A0D}.Debug|x86.Build.0 = Debug|Any CPU
		{6D238E08-737B-40F6-8127-220AC1944A0D}.Release|Any CPU.ActiveCfg = Release|Any CPU
		{6D238E08-737B-40F6-8127-220AC1944A0D}.Release|Any CPU.Build.0 = Release|Any CPU
		{6D238E08-737B-40F6-8127-220AC1944A0D}.Release|x64.ActiveCfg = Release|Any CPU
		{6D238E08-737B-40F6-8127-220AC1944A0D}.Release|x64.Build.0 = Release|Any CPU
		{6D238E08-737B-40F6-8127-220AC1944A0D}.Release|x86.ActiveCfg = Release|Any CPU
		{6D238E08-737B-40F6-8127-220AC1944A0D}.Release|x86.Build.0 = Release|Any CPU
		{34FCFBA8-1923-4119-9A66-B2CD247A4950}.Debug|Any CPU.ActiveCfg = Debug|Any CPU
		{34FCFBA8-1923-4119-9A66-B2CD247A4950}.Debug|Any CPU.Build.0 = Debug|Any CPU
		{34FCFBA8-1923-4119-9A66-B2CD247A4950}.Debug|x64.ActiveCfg = Debug|Any CPU
		{34FCFBA8-1923-4119-9A66-B2CD247A4950}.Debug|x64.Build.0 = Debug|Any CPU
		{34FCFBA8-1923-4119-9A66-B2CD247A4950}.Debug|x86.ActiveCfg = Debug|Any CPU
		{34FCFBA8-1923-4119-9A66-B2CD247A4950}.Debug|x86.Build.0 = Debug|Any CPU
		{34FCFBA8-1923-4119-9A66-B2CD247A4950}.Release|Any CPU.ActiveCfg = Release|Any CPU
		{34FCFBA8-1923-4119-9A66-B2CD247A4950}.Release|Any CPU.Build.0 = Release|Any CPU
		{34FCFBA8-1923-4119-9A66-B2CD247A4950}.Release|x64.ActiveCfg = Release|Any CPU
		{34FCFBA8-1923-4119-9A66-B2CD247A4950}.Release|x64.Build.0 = Release|Any CPU
		{34FCFBA8-1923-4119-9A66-B2CD247A4950}.Release|x86.ActiveCfg = Release|Any CPU
		{34FCFBA8-1923-4119-9A66-B2CD247A4950}.Release|x86.Build.0 = Release|Any CPU
		{D927959B-A5A1-4118-ADA5-704886DA49AB}.Debug|Any CPU.ActiveCfg = Debug|Any CPU
		{D927959B-A5A1-4118-ADA5-704886DA49AB}.Debug|Any CPU.Build.0 = Debug|Any CPU
		{D927959B-A5A1-4118-ADA5-704886DA49AB}.Debug|x64.ActiveCfg = Debug|Any CPU
		{D927959B-A5A1-4118-ADA5-704886DA49AB}.Debug|x64.Build.0 = Debug|Any CPU
		{D927959B-A5A1-4118-ADA5-704886DA49AB}.Debug|x86.ActiveCfg = Debug|Any CPU
		{D927959B-A5A1-4118-ADA5-704886DA49AB}.Debug|x86.Build.0 = Debug|Any CPU
		{D927959B-A5A1-4118-ADA5-704886DA49AB}.Release|Any CPU.ActiveCfg = Release|Any CPU
		{D927959B-A5A1-4118-ADA5-704886DA49AB}.Release|Any CPU.Build.0 = Release|Any CPU
		{D927959B-A5A1-4118-ADA5-704886DA49AB}.Release|x64.ActiveCfg = Release|Any CPU
		{D927959B-A5A1-4118-ADA5-704886DA49AB}.Release|x64.Build.0 = Release|Any CPU
		{D927959B-A5A1-4118-ADA5-704886DA49AB}.Release|x86.ActiveCfg = Release|Any CPU
		{D927959B-A5A1-4118-ADA5-704886DA49AB}.Release|x86.Build.0 = Release|Any CPU
	EndGlobalSection
	GlobalSection(NestedProjects) = preSolution
		{6D238E08-737B-40F6-8127-220AC1944A0D} = {2E668F46-4CDF-4E4E-98F4-D0049802F38F}
		{34FCFBA8-1923-4119-9A66-B2CD247A4950} = {2E668F46-4CDF-4E4E-98F4-D0049802F38F}
		{D927959B-A5A1-4118-ADA5-704886DA49AB} = {2E668F46-4CDF-4E4E-98F4-D0049802F38F}
	EndGlobalSection
EndGlobal
